{
  "version": 4,
  "terraform_version": "1.10.3",
  "serial": 28,
  "lineage": "842caa66-3732-1035-aef3-6f9bd1328546",
  "outputs": {
    "public_security_list_id": {
      "value": "ocid1.securitylist.oc1.ca-montreal-1.aaaaaaaafmdedpzycreklgojyins4yiv7das7v2e5mlx4t4tnqfch42yh4yq",
      "type": "string"
    },
    "public_subnet_id": {
      "value": "ocid1.subnet.oc1.ca-montreal-1.aaaaaaaatrczvi3x43gsawuny6v2ycdh5ve6ladjphbfxnq4q4uecmhnemxq",
      "type": "string"
    },
    "showCompartment": {
      "value": {
        "access_level": null,
        "compartment_id": "ocid1.tenancy.oc1..aaaaaaaaj2ypzguxundpxxniiitrs6r3zts4dccs55wqiyo5scrxmjzb63na",
        "compartment_id_in_subtree": null,
        "compartments": [],
        "filter": [
          {
            "name": "name",
            "regex": false,
            "values": [
              "{var.compartment_display_name}"
            ]
          }
        ],
        "id": "IdentityCompartmentsDataSource-3974049211",
        "name": null,
        "state": null
      },
      "type": [
        "object",
        {
          "access_level": "string",
          "compartment_id": "string",
          "compartment_id_in_subtree": "bool",
          "compartments": [
            "list",
            [
              "object",
              {
                "compartment_id": "string",
                "defined_tags": [
                  "map",
                  "string"
                ],
                "description": "string",
                "enable_delete": "bool",
                "freeform_tags": [
                  "map",
                  "string"
                ],
                "id": "string",
                "inactive_state": "string",
                "is_accessible": "bool",
                "name": "string",
                "state": "string",
                "time_created": "string"
              }
            ]
          ],
          "filter": [
            "set",
            [
              "object",
              {
                "name": "string",
                "regex": "bool",
                "values": [
                  "list",
                  "string"
                ]
              }
            ]
          ],
          "id": "string",
          "name": "string",
          "state": "string"
        }
      ]
    },
    "show_ads": {
      "value": "yyuJ:CA-MONTREAL-1-AD-1",
      "type": "string"
    },
    "show_image": {
      "value": "ocid1.image.oc1.ca-montreal-1.aaaaaaaab4oxx7vcagwetarfsqjfeffq7gk3gyber3zb3pnwajrvtz4ckvka",
      "type": "string"
    }
  },
  "resources": [
    {
      "mode": "data",
      "type": "oci_core_images",
      "name": "ubuntu-22-04",
      "provider": "provider[\"registry.terraform.io/hashicorp/oci\"]",
      "instances": [
        {
          "schema_version": 0,
          "attributes": {
            "compartment_id": "ocid1.tenancy.oc1..aaaaaaaaj2ypzguxundpxxniiitrs6r3zts4dccs55wqiyo5scrxmjzb63na",
            "display_name": null,
            "filter": [
              {
                "name": "display_name",
                "regex": true,
                "values": [
                  "^Canonical-Ubuntu-22.04-([\\.0-9-]+)$"
                ]
              }
            ],
            "id": "CoreImagesDataSource-3556460371",
            "images": [
              {
                "agent_features": [],
                "base_image_id": "",
                "billable_size_in_gbs": "3",
                "compartment_id": "",
                "create_image_allowed": true,
                "defined_tags": {},
                "display_name": "Canonical-Ubuntu-22.04-2024.10.04-0",
                "freeform_tags": {},
                "id": "ocid1.image.oc1.ca-montreal-1.aaaaaaaab4oxx7vcagwetarfsqjfeffq7gk3gyber3zb3pnwajrvtz4ckvka",
                "image_source_details": [],
                "instance_id": "",
                "launch_mode": "NATIVE",
                "launch_options": [
                  {
                    "boot_volume_type": "PARAVIRTUALIZED",
                    "firmware": "UEFI_64",
                    "is_consistent_volume_naming_enabled": true,
                    "is_pv_encryption_in_transit_enabled": true,
                    "network_type": "PARAVIRTUALIZED",
                    "remote_data_volume_type": "PARAVIRTUALIZED"
                  }
                ],
                "listing_type": "",
                "operating_system": "Canonical Ubuntu",
                "operating_system_version": "22.04",
                "size_in_mbs": "47694",
                "state": "AVAILABLE",
                "time_created": "2024-10-22 11:31:48.98 +0000 UTC"
              },
              {
                "agent_features": [],
                "base_image_id": "",
                "billable_size_in_gbs": "3",
                "compartment_id": "",
                "create_image_allowed": true,
                "defined_tags": {},
                "display_name": "Canonical-Ubuntu-22.04-2024.09.30-0",
                "freeform_tags": {},
                "id": "ocid1.image.oc1.ca-montreal-1.aaaaaaaavdr77ecko3lffpxulz6e22wgkmejtdqki7h3a4ejibxas7jwwcxa",
                "image_source_details": [],
                "instance_id": "",
                "launch_mode": "NATIVE",
                "launch_options": [
                  {
                    "boot_volume_type": "PARAVIRTUALIZED",
                    "firmware": "UEFI_64",
                    "is_consistent_volume_naming_enabled": true,
                    "is_pv_encryption_in_transit_enabled": true,
                    "network_type": "PARAVIRTUALIZED",
                    "remote_data_volume_type": "PARAVIRTUALIZED"
                  }
                ],
                "listing_type": "",
                "operating_system": "Canonical Ubuntu",
                "operating_system_version": "22.04",
                "size_in_mbs": "47694",
                "state": "AVAILABLE",
                "time_created": "2024-10-12 06:51:10.938 +0000 UTC"
              },
              {
                "agent_features": [],
                "base_image_id": "",
                "billable_size_in_gbs": "3",
                "compartment_id": "",
                "create_image_allowed": true,
                "defined_tags": {},
                "display_name": "Canonical-Ubuntu-22.04-2024.08.23-0",
                "freeform_tags": {},
                "id": "ocid1.image.oc1.ca-montreal-1.aaaaaaaag7nfztbnb23gugfo4iwbvu5drtrizenkvgbjzrhd3i3offxq5mqq",
                "image_source_details": [],
                "instance_id": "",
                "launch_mode": "NATIVE",
                "launch_options": [
                  {
                    "boot_volume_type": "PARAVIRTUALIZED",
                    "firmware": "UEFI_64",
                    "is_consistent_volume_naming_enabled": true,
                    "is_pv_encryption_in_transit_enabled": true,
                    "network_type": "PARAVIRTUALIZED",
                    "remote_data_volume_type": "PARAVIRTUALIZED"
                  }
                ],
                "listing_type": "",
                "operating_system": "Canonical Ubuntu",
                "operating_system_version": "22.04",
                "size_in_mbs": "47694",
                "state": "AVAILABLE",
                "time_created": "2024-09-18 13:58:27.19 +0000 UTC"
              }
            ],
            "operating_system": "Canonical Ubuntu",
            "operating_system_version": null,
            "shape": null,
            "sort_by": null,
            "sort_order": null,
            "state": null
          },
          "sensitive_attributes": []
        }
      ]
    },
    {
      "mode": "data",
      "type": "oci_identity_availability_domains",
      "name": "GetAds",
      "provider": "provider[\"registry.terraform.io/hashicorp/oci\"]",
      "instances": [
        {
          "schema_version": 0,
          "attributes": {
            "availability_domains": [
              {
                "compartment_id": "ocid1.tenancy.oc1..aaaaaaaaj2ypzguxundpxxniiitrs6r3zts4dccs55wqiyo5scrxmjzb63na",
                "id": "ocid1.availabilitydomain.oc1..aaaaaaaazlxasyseddjgh3jqbky5wczzrrvtceefxr7m2oroetxp5b6guvjq",
                "name": "yyuJ:CA-MONTREAL-1-AD-1"
              }
            ],
            "compartment_id": "ocid1.tenancy.oc1..aaaaaaaaj2ypzguxundpxxniiitrs6r3zts4dccs55wqiyo5scrxmjzb63na",
            "filter": null,
            "id": "IdentityAvailabilityDomainsDataSource-3974049211"
          },
          "sensitive_attributes": []
        }
      ]
    },
    {
      "mode": "data",
      "type": "oci_identity_compartments",
      "name": "GetCompartments",
      "provider": "provider[\"registry.terraform.io/hashicorp/oci\"]",
      "instances": [
        {
          "schema_version": 0,
          "attributes": {
            "access_level": null,
            "compartment_id": "ocid1.tenancy.oc1..aaaaaaaaj2ypzguxundpxxniiitrs6r3zts4dccs55wqiyo5scrxmjzb63na",
            "compartment_id_in_subtree": null,
            "compartments": [],
            "filter": [
              {
                "name": "name",
                "regex": false,
                "values": [
                  "{var.compartment_display_name}"
                ]
              }
            ],
            "id": "IdentityCompartmentsDataSource-3974049211",
            "name": null,
            "state": null
          },
          "sensitive_attributes": []
        }
      ]
    },
    {
      "mode": "managed",
      "type": "oci_core_internet_gateway",
      "name": "ig",
      "provider": "provider[\"registry.terraform.io/hashicorp/oci\"]",
      "instances": [
        {
          "schema_version": 0,
          "attributes": {
            "compartment_id": "ocid1.tenancy.oc1..aaaaaaaaj2ypzguxundpxxniiitrs6r3zts4dccs55wqiyo5scrxmjzb63na",
            "defined_tags": {
              "Oracle-Tags.CreatedBy": "default/h3xit@proton.me",
              "Oracle-Tags.CreatedOn": "2025-01-09T15:21:30.710Z"
            },
            "display_name": "ig-test",
            "enabled": true,
            "freeform_tags": {},
            "id": "ocid1.internetgateway.oc1.ca-montreal-1.aaaaaaaape3vn35alb53c2ati64imwyy32cmprdpdg7pnr6763nmjov7m2sq",
            "route_table_id": null,
            "state": "AVAILABLE",
            "time_created": "2025-01-09 15:21:30.749 +0000 UTC",
            "timeouts": null,
            "vcn_id": "ocid1.vcn.oc1.ca-montreal-1.amaaaaaazec3dgyaucstw4y6ukh4tknsgly7yx4tqwhjgjkzsuzg7qcrkmta"
          },
          "sensitive_attributes": [],
          "private": "eyJlMmJmYjczMC1lY2FhLTExZTYtOGY4OC0zNDM2M2JjN2M0YzAiOnsiY3JlYXRlIjoxMjAwMDAwMDAwMDAwLCJkZWxldGUiOjEyMDAwMDAwMDAwMDAsInVwZGF0ZSI6MTIwMDAwMDAwMDAwMH19",
          "dependencies": [
            "oci_core_vcn.testvcn"
          ]
        }
      ]
    },
    {
      "mode": "managed",
      "type": "oci_core_route_table",
      "name": "rt",
      "provider": "provider[\"registry.terraform.io/hashicorp/oci\"]",
      "instances": [
        {
          "schema_version": 0,
          "attributes": {
            "compartment_id": "ocid1.tenancy.oc1..aaaaaaaaj2ypzguxundpxxniiitrs6r3zts4dccs55wqiyo5scrxmjzb63na",
            "defined_tags": {
              "Oracle-Tags.CreatedBy": "default/h3xit@proton.me",
              "Oracle-Tags.CreatedOn": "2025-01-09T15:21:31.370Z"
            },
            "display_name": "rt-test",
            "freeform_tags": {},
            "id": "ocid1.routetable.oc1.ca-montreal-1.aaaaaaaa3ggkeksudrm6syrv7hpgvwjccpcset7ihwwt7xpwhgr2e63h5ebq",
            "route_rules": [
              {
                "cidr_block": "",
                "description": "",
                "destination": "0.0.0.0/0",
                "destination_type": "CIDR_BLOCK",
                "network_entity_id": "ocid1.internetgateway.oc1.ca-montreal-1.aaaaaaaape3vn35alb53c2ati64imwyy32cmprdpdg7pnr6763nmjov7m2sq",
                "route_type": ""
              }
            ],
            "state": "AVAILABLE",
            "time_created": "2025-01-09 15:21:31.396 +0000 UTC",
            "timeouts": null,
            "vcn_id": "ocid1.vcn.oc1.ca-montreal-1.amaaaaaazec3dgyaucstw4y6ukh4tknsgly7yx4tqwhjgjkzsuzg7qcrkmta"
          },
          "sensitive_attributes": [],
          "private": "eyJlMmJmYjczMC1lY2FhLTExZTYtOGY4OC0zNDM2M2JjN2M0YzAiOnsiY3JlYXRlIjoxMjAwMDAwMDAwMDAwLCJkZWxldGUiOjEyMDAwMDAwMDAwMDAsInVwZGF0ZSI6MTIwMDAwMDAwMDAwMH19",
          "dependencies": [
            "oci_core_internet_gateway.ig",
            "oci_core_vcn.testvcn"
          ]
        }
      ]
    },
    {
      "mode": "managed",
      "type": "oci_core_security_list",
      "name": "sl",
      "provider": "provider[\"registry.terraform.io/hashicorp/oci\"]",
      "instances": [
        {
          "schema_version": 0,
          "attributes": {
            "compartment_id": "ocid1.tenancy.oc1..aaaaaaaaj2ypzguxundpxxniiitrs6r3zts4dccs55wqiyo5scrxmjzb63na",
            "defined_tags": {
              "Oracle-Tags.CreatedBy": "default/h3xit@proton.me",
              "Oracle-Tags.CreatedOn": "2025-01-09T15:21:30.879Z"
            },
            "display_name": "sl-test",
            "egress_security_rules": [
              {
                "description": "",
                "destination": "0.0.0.0/0",
                "destination_type": "CIDR_BLOCK",
                "icmp_options": [],
                "protocol": "all",
                "stateless": false,
                "tcp_options": [],
                "udp_options": []
              }
            ],
            "freeform_tags": {},
            "id": "ocid1.securitylist.oc1.ca-montreal-1.aaaaaaaafmdedpzycreklgojyins4yiv7das7v2e5mlx4t4tnqfch42yh4yq",
            "ingress_security_rules": [
              {
                "description": "",
                "icmp_options": [
                  {
                    "code": 4,
                    "type": 3
                  }
                ],
                "protocol": "1",
                "source": "0.0.0.0/0",
                "source_type": "CIDR_BLOCK",
                "stateless": false,
                "tcp_options": [],
                "udp_options": []
              },
              {
                "description": "",
                "icmp_options": [],
                "protocol": "6",
                "source": "0.0.0.0/0",
                "source_type": "CIDR_BLOCK",
                "stateless": false,
                "tcp_options": [
                  {
                    "max": 22,
                    "min": 22,
                    "source_port_range": []
                  }
                ],
                "udp_options": []
              }
            ],
            "state": "AVAILABLE",
            "time_created": "2025-01-09 15:21:30.922 +0000 UTC",
            "timeouts": null,
            "vcn_id": "ocid1.vcn.oc1.ca-montreal-1.amaaaaaazec3dgyaucstw4y6ukh4tknsgly7yx4tqwhjgjkzsuzg7qcrkmta"
          },
          "sensitive_attributes": [],
          "private": "eyJlMmJmYjczMC1lY2FhLTExZTYtOGY4OC0zNDM2M2JjN2M0YzAiOnsiY3JlYXRlIjoxMjAwMDAwMDAwMDAwLCJkZWxldGUiOjEyMDAwMDAwMDAwMDAsInVwZGF0ZSI6MTIwMDAwMDAwMDAwMH19",
          "dependencies": [
            "oci_core_vcn.testvcn"
          ]
        }
      ]
    },
    {
      "mode": "managed",
      "type": "oci_core_subnet",
      "name": "subnet1",
      "provider": "provider[\"registry.terraform.io/hashicorp/oci\"]",
      "instances": [
        {
          "schema_version": 0,
          "attributes": {
            "availability_domain": null,
            "cidr_block": "10.0.0.0/22",
            "compartment_id": "ocid1.tenancy.oc1..aaaaaaaaj2ypzguxundpxxniiitrs6r3zts4dccs55wqiyo5scrxmjzb63na",
            "defined_tags": {
              "Oracle-Tags.CreatedBy": "default/h3xit@proton.me",
              "Oracle-Tags.CreatedOn": "2025-01-09T15:21:31.897Z"
            },
            "dhcp_options_id": "ocid1.dhcpoptions.oc1.ca-montreal-1.aaaaaaaax22nx5he4d2bf4njdu5dkpeodkfxifd3iof5o4eg6nygsvvnnyda",
            "display_name": "Anyname-subnet",
            "dns_label": null,
            "freeform_tags": {},
            "id": "ocid1.subnet.oc1.ca-montreal-1.aaaaaaaatrczvi3x43gsawuny6v2ycdh5ve6ladjphbfxnq4q4uecmhnemxq",
            "ipv6cidr_block": null,
            "ipv6cidr_blocks": [],
            "ipv6virtual_router_ip": null,
            "prohibit_internet_ingress": false,
            "prohibit_public_ip_on_vnic": false,
            "route_table_id": "ocid1.routetable.oc1.ca-montreal-1.aaaaaaaa3ggkeksudrm6syrv7hpgvwjccpcset7ihwwt7xpwhgr2e63h5ebq",
            "security_list_ids": [
              "ocid1.securitylist.oc1.ca-montreal-1.aaaaaaaafmdedpzycreklgojyins4yiv7das7v2e5mlx4t4tnqfch42yh4yq"
            ],
            "state": "AVAILABLE",
            "subnet_domain_name": null,
            "time_created": "2025-01-09 15:21:31.957 +0000 UTC",
            "timeouts": null,
            "vcn_id": "ocid1.vcn.oc1.ca-montreal-1.amaaaaaazec3dgyaucstw4y6ukh4tknsgly7yx4tqwhjgjkzsuzg7qcrkmta",
            "virtual_router_ip": "10.0.0.1",
            "virtual_router_mac": "00:00:17:4B:BB:9C"
          },
          "sensitive_attributes": [],
          "private": "eyJlMmJmYjczMC1lY2FhLTExZTYtOGY4OC0zNDM2M2JjN2M0YzAiOnsiY3JlYXRlIjoxMjAwMDAwMDAwMDAwLCJkZWxldGUiOjEyMDAwMDAwMDAwMDAsInVwZGF0ZSI6MTIwMDAwMDAwMDAwMH19",
          "dependencies": [
            "oci_core_internet_gateway.ig",
            "oci_core_route_table.rt",
            "oci_core_security_list.sl",
            "oci_core_vcn.testvcn"
          ]
        }
      ]
    },
    {
      "mode": "managed",
      "type": "oci_core_vcn",
      "name": "testvcn",
      "provider": "provider[\"registry.terraform.io/hashicorp/oci\"]",
      "instances": [
        {
          "schema_version": 0,
          "attributes": {
            "byoipv6cidr_blocks": [],
            "byoipv6cidr_details": [],
            "cidr_block": "10.0.0.0/16",
            "cidr_blocks": [
              "10.0.0.0/16"
            ],
            "compartment_id": "ocid1.tenancy.oc1..aaaaaaaaj2ypzguxundpxxniiitrs6r3zts4dccs55wqiyo5scrxmjzb63na",
            "default_dhcp_options_id": "ocid1.dhcpoptions.oc1.ca-montreal-1.aaaaaaaax22nx5he4d2bf4njdu5dkpeodkfxifd3iof5o4eg6nygsvvnnyda",
            "default_route_table_id": "ocid1.routetable.oc1.ca-montreal-1.aaaaaaaaux7ngmaegr56uy7ymf23s5lcrrpbwfqnx3kgibxsfbkih4dhvdnq",
            "default_security_list_id": "ocid1.securitylist.oc1.ca-montreal-1.aaaaaaaa3gq4rrsmwu4rzmkv2gaq2nctmdzhx6v3xszp366xjn4bsdepgnxq",
            "defined_tags": {
              "Oracle-Tags.CreatedBy": "default/h3xit@proton.me",
              "Oracle-Tags.CreatedOn": "2025-01-09T15:21:30.081Z"
            },
            "display_name": "testing",
            "dns_label": "ocitesting",
            "freeform_tags": {},
            "id": "ocid1.vcn.oc1.ca-montreal-1.amaaaaaazec3dgyaucstw4y6ukh4tknsgly7yx4tqwhjgjkzsuzg7qcrkmta",
            "ipv6cidr_blocks": [],
            "ipv6private_cidr_blocks": [],
            "is_ipv6enabled": false,
            "is_oracle_gua_allocation_enabled": null,
            "security_attributes": {},
            "state": "AVAILABLE",
            "time_created": "2025-01-09 15:21:30.14 +0000 UTC",
            "timeouts": null,
            "vcn_domain_name": "ocitesting.oraclevcn.com"
          },
          "sensitive_attributes": [],
          "private": "eyJlMmJmYjczMC1lY2FhLTExZTYtOGY4OC0zNDM2M2JjN2M0YzAiOnsiY3JlYXRlIjoxMjAwMDAwMDAwMDAwLCJkZWxldGUiOjEyMDAwMDAwMDAwMDAsInVwZGF0ZSI6MTIwMDAwMDAwMDAwMH19"
        }
      ]
    }
  ],
  "check_results": null
}
